
Microsoft Visual Studio Solution File, Format Version 12.00
# Visual Studio Version 17
VisualStudioVersion = 17.1.32414.318
MinimumVisualStudioVersion = 10.0.40219.1
Project("{FAE04EC0-301F-11D3-BF4B-00C04F79EFBC}") = "Nexus.Api", "Nexus.Api\Nexus.Api.csproj", "{2AE5E2D4-3315-47AF-99C5-2C48BF6CB816}"
EndProject
Project("{FAE04EC0-301F-11D3-BF4B-00C04F79EFBC}") = "Nexus.Api.Data", "Nexus.Api.Data\Nexus.Api.Data.csproj", "{726E6E00-B9B3-4508-8F82-7B9ED9984B2D}"
EndProject
Global
	GlobalSection(SolutionConfigurationPlatforms) = preSolution
		Debug|Any CPU = Debug|Any CPU
		Release|Any CPU = Release|Any CPU
	EndGlobalSection
	GlobalSection(ProjectConfigurationPlatforms) = postSolution
		{2AE5E2D4-3315-47AF-99C5-2C48BF6CB816}.Debug|Any CPU.ActiveCfg = Debug|Any CPU
		{2AE5E2D4-3315-47AF-99C5-2C48BF6CB816}.Debug|Any CPU.Build.0 = Debug|Any CPU
		{2AE5E2D4-3315-47AF-99C5-2C48BF6CB816}.Release|Any CPU.ActiveCfg = Release|Any CPU
		{2AE5E2D4-3315-47AF-99C5-2C48BF6CB816}.Release|Any CPU.Build.0 = Release|Any CPU
		{726E6E00-B9B3-4508-8F82-7B9ED9984B2D}.Debug|Any CPU.ActiveCfg = Debug|Any CPU
		{726E6E00-B9B3-4508-8F82-7B9ED9984B2D}.Debug|Any CPU.Build.0 = Debug|Any CPU
		{726E6E00-B9B3-4508-8F82-7B9ED9984B2D}.Release|Any CPU.ActiveCfg = Release|Any CPU
		{726E6E00-B9B3-4508-8F82-7B9ED9984B2D}.Release|Any CPU.Build.0 = Release|Any CPU
	EndGlobalSection
	GlobalSection(SolutionProperties) = preSolution
		HideSolutionNode = FALSE
	EndGlobalSection
	GlobalSection(ExtensibilityGlobals) = postSolution
		SolutionGuid = {C8C165DB-0FF9-4ACD-9D14-C28A2338CB14}
	EndGlobalSection
EndGlobal
